
Microsoft Visual Studio Solution File, Format Version 12.00
# Visual Studio 15
VisualStudioVersion = 15.0.28307.106
MinimumVisualStudioVersion = 10.0.40219.1
Project("{FAE04EC0-301F-11D3-BF4B-00C04F79EFBC}") = "WhileLoops", "WhileLoops\WhileLoops.csproj", "{7E5EC1F8-5ADC-40C4-B864-D3C7F84EF9B1}"
EndProject
Global
	GlobalSection(SolutionConfigurationPlatforms) = preSolution
		Debug|Any CPU = Debug|Any CPU
		Release|Any CPU = Release|Any CPU
	EndGlobalSection
	GlobalSection(ProjectConfigurationPlatforms) = postSolution
		{7E5EC1F8-5ADC-40C4-B864-D3C7F84EF9B1}.Debug|Any CPU.ActiveCfg = Debug|Any CPU
		{7E5EC1F8-5ADC-40C4-B864-D3C7F84EF9B1}.Debug|Any CPU.Build.0 = Debug|Any CPU
		{7E5EC1F8-5ADC-40C4-B864-D3C7F84EF9B1}.Release|Any CPU.ActiveCfg = Release|Any CPU
		{7E5EC1F8-5ADC-40C4-B864-D3C7F84EF9B1}.Release|Any CPU.Build.0 = Release|Any CPU
	EndGlobalSection
	GlobalSection(SolutionProperties) = preSolution
		HideSolutionNode = FALSE
	EndGlobalSection
	GlobalSection(ExtensibilityGlobals) = postSolution
		SolutionGuid = {D08BC097-031D-41F4-8B43-98FCC70531D1}
	EndGlobalSection
EndGlobal
