
Microsoft Visual Studio Solution File, Format Version 12.00
# Visual Studio 15
VisualStudioVersion = 15.0.28307.106
MinimumVisualStudioVersion = 10.0.40219.1
Project("{FAE04EC0-301F-11D3-BF4B-00C04F79EFBC}") = "Strings", "Strings\Strings.csproj", "{E420E5E2-52FB-4EFF-9F50-291E9B58F37A}"
EndProject
Global
	GlobalSection(SolutionConfigurationPlatforms) = preSolution
		Debug|Any CPU = Debug|Any CPU
		Release|Any CPU = Release|Any CPU
	EndGlobalSection
	GlobalSection(ProjectConfigurationPlatforms) = postSolution
		{E420E5E2-52FB-4EFF-9F50-291E9B58F37A}.Debug|Any CPU.ActiveCfg = Debug|Any CPU
		{E420E5E2-52FB-4EFF-9F50-291E9B58F37A}.Debug|Any CPU.Build.0 = Debug|Any CPU
		{E420E5E2-52FB-4EFF-9F50-291E9B58F37A}.Release|Any CPU.ActiveCfg = Release|Any CPU
		{E420E5E2-52FB-4EFF-9F50-291E9B58F37A}.Release|Any CPU.Build.0 = Release|Any CPU
	EndGlobalSection
	GlobalSection(SolutionProperties) = preSolution
		HideSolutionNode = FALSE
	EndGlobalSection
	GlobalSection(ExtensibilityGlobals) = postSolution
		SolutionGuid = {59771F2F-BCE3-41BE-A002-7669F0B2D5C1}
	EndGlobalSection
EndGlobal
