
Microsoft Visual Studio Solution File, Format Version 12.00
# Visual Studio 15
VisualStudioVersion = 15.0.28307.106
MinimumVisualStudioVersion = 10.0.40219.1
Project("{FAE04EC0-301F-11D3-BF4B-00C04F79EFBC}") = "MVC_Tutorial", "MVC_Tutorial.csproj", "{B1002061-6E9E-4C57-8A7F-C5993D976AFE}"
EndProject
Global
	GlobalSection(SolutionConfigurationPlatforms) = preSolution
		Debug|Any CPU = Debug|Any CPU
		Release|Any CPU = Release|Any CPU
	EndGlobalSection
	GlobalSection(ProjectConfigurationPlatforms) = postSolution
		{B1002061-6E9E-4C57-8A7F-C5993D976AFE}.Debug|Any CPU.ActiveCfg = Debug|Any CPU
		{B1002061-6E9E-4C57-8A7F-C5993D976AFE}.Debug|Any CPU.Build.0 = Debug|Any CPU
		{B1002061-6E9E-4C57-8A7F-C5993D976AFE}.Release|Any CPU.ActiveCfg = Release|Any CPU
		{B1002061-6E9E-4C57-8A7F-C5993D976AFE}.Release|Any CPU.Build.0 = Release|Any CPU
	EndGlobalSection
	GlobalSection(SolutionProperties) = preSolution
		HideSolutionNode = FALSE
	EndGlobalSection
	GlobalSection(ExtensibilityGlobals) = postSolution
		SolutionGuid = {5AF810B5-8979-422A-844F-BF942948A76D}
	EndGlobalSection
EndGlobal
