
Microsoft Visual Studio Solution File, Format Version 12.00
# Visual Studio 15
VisualStudioVersion = 15.0.28307.106
MinimumVisualStudioVersion = 10.0.40219.1
Project("{FAE04EC0-301F-11D3-BF4B-00C04F79EFBC}") = "IterationArraysAndListsExercise", "IterationArraysAndListsExercise\IterationArraysAndListsExercise.csproj", "{59CF4D19-3660-4181-9243-84253EBA8853}"
EndProject
Global
	GlobalSection(SolutionConfigurationPlatforms) = preSolution
		Debug|Any CPU = Debug|Any CPU
		Release|Any CPU = Release|Any CPU
	EndGlobalSection
	GlobalSection(ProjectConfigurationPlatforms) = postSolution
		{59CF4D19-3660-4181-9243-84253EBA8853}.Debug|Any CPU.ActiveCfg = Debug|Any CPU
		{59CF4D19-3660-4181-9243-84253EBA8853}.Debug|Any CPU.Build.0 = Debug|Any CPU
		{59CF4D19-3660-4181-9243-84253EBA8853}.Release|Any CPU.ActiveCfg = Release|Any CPU
		{59CF4D19-3660-4181-9243-84253EBA8853}.Release|Any CPU.Build.0 = Release|Any CPU
	EndGlobalSection
	GlobalSection(SolutionProperties) = preSolution
		HideSolutionNode = FALSE
	EndGlobalSection
	GlobalSection(ExtensibilityGlobals) = postSolution
		SolutionGuid = {602E8550-9907-4741-9EE5-963229CD8C17}
	EndGlobalSection
EndGlobal
