
Microsoft Visual Studio Solution File, Format Version 12.00
# Visual Studio 15
VisualStudioVersion = 15.0.28307.106
MinimumVisualStudioVersion = 10.0.40219.1
Project("{FAE04EC0-301F-11D3-BF4B-00C04F79EFBC}") = "ExceptionHandlingFollowAlong", "ExceptionHandlingFollowAlong\ExceptionHandlingFollowAlong.csproj", "{00B5D497-D74A-4598-8818-D353B169D0A7}"
EndProject
Global
	GlobalSection(SolutionConfigurationPlatforms) = preSolution
		Debug|Any CPU = Debug|Any CPU
		Release|Any CPU = Release|Any CPU
	EndGlobalSection
	GlobalSection(ProjectConfigurationPlatforms) = postSolution
		{00B5D497-D74A-4598-8818-D353B169D0A7}.Debug|Any CPU.ActiveCfg = Debug|Any CPU
		{00B5D497-D74A-4598-8818-D353B169D0A7}.Debug|Any CPU.Build.0 = Debug|Any CPU
		{00B5D497-D74A-4598-8818-D353B169D0A7}.Release|Any CPU.ActiveCfg = Release|Any CPU
		{00B5D497-D74A-4598-8818-D353B169D0A7}.Release|Any CPU.Build.0 = Release|Any CPU
	EndGlobalSection
	GlobalSection(SolutionProperties) = preSolution
		HideSolutionNode = FALSE
	EndGlobalSection
	GlobalSection(ExtensibilityGlobals) = postSolution
		SolutionGuid = {C56C0A58-8662-48D1-9DA4-3147E4DAAD12}
	EndGlobalSection
EndGlobal
