
Microsoft Visual Studio Solution File, Format Version 12.00
# Visual Studio 15
VisualStudioVersion = 15.0.28307.106
MinimumVisualStudioVersion = 10.0.40219.1
Project("{FAE04EC0-301F-11D3-BF4B-00C04F79EFBC}") = "IntroToMVC", "IntroToMVC.csproj", "{345A64F7-8619-49D6-B411-E67F7F996BEA}"
EndProject
Global
	GlobalSection(SolutionConfigurationPlatforms) = preSolution
		Debug|Any CPU = Debug|Any CPU
		Release|Any CPU = Release|Any CPU
	EndGlobalSection
	GlobalSection(ProjectConfigurationPlatforms) = postSolution
		{345A64F7-8619-49D6-B411-E67F7F996BEA}.Debug|Any CPU.ActiveCfg = Debug|Any CPU
		{345A64F7-8619-49D6-B411-E67F7F996BEA}.Debug|Any CPU.Build.0 = Debug|Any CPU
		{345A64F7-8619-49D6-B411-E67F7F996BEA}.Release|Any CPU.ActiveCfg = Release|Any CPU
		{345A64F7-8619-49D6-B411-E67F7F996BEA}.Release|Any CPU.Build.0 = Release|Any CPU
	EndGlobalSection
	GlobalSection(SolutionProperties) = preSolution
		HideSolutionNode = FALSE
	EndGlobalSection
	GlobalSection(ExtensibilityGlobals) = postSolution
		SolutionGuid = {82F3A59F-D813-46B7-945A-2690E36D71E4}
	EndGlobalSection
EndGlobal
